{
  "object": {
    "pins": [
      {
        "package": "ConcurrencyPlus",
        "repositoryURL": "https://github.com/ChimeHQ/ConcurrencyPlus",
        "state": {
          "branch": null,
          "revision": "210b2f506a70724c4273a2403229aa25c19784ba",
          "version": "0.2.4"
        }
      },
      {
        "package": "ProcessEnv",
        "repositoryURL": "https://github.com/ChimeHQ/ProcessEnv",
        "state": {
          "branch": null,
          "revision": "7bcb6c11593be08456f48042fad1a7bf875f217a",
          "version": "0.3.0"
        }
      }
    ]
  },
  "version": 1
}
