{
  "object": {
    "pins": [
      {
        "package": "AsyncXPCConnection",
        "repositoryURL": "https://github.com/ChimeHQ/AsyncXPCConnection",
        "state": {
          "branch": null,
          "revision": "82a0eb00a0d881e6a65cad0acc031c1efd058d06",
          "version": null
        }
      },
      {
        "package": "ProcessEnv",
        "repositoryURL": "https://github.com/ChimeHQ/ProcessEnv",
        "state": {
          "branch": null,
          "revision": "29487b6581bb785c372c611c943541ef4309d051",
          "version": "0.3.1"
        }
      },
      {
        "package": "Queue",
        "repositoryURL": "https://github.com/mattmassicotte/Queue",
        "state": {
          "branch": null,
          "revision": "8d6f936097888f97011610ced40313655dc5948d",
          "version": "0.1.4"
        }
      }
    ]
  },
  "version": 1
}
