{
  "object": {
    "pins": [
      {
        "package": "ConcurrencyPlus",
        "repositoryURL": "https://github.com/ChimeHQ/ConcurrencyPlus",
        "state": {
          "branch": null,
          "revision": "a8abc2202ba82c5782894cb5665dc338ee68d272",
          "version": "0.4.0"
        }
      },
      {
        "package": "ProcessEnv",
        "repositoryURL": "https://github.com/ChimeHQ/ProcessEnv",
        "state": {
          "branch": null,
          "revision": "29487b6581bb785c372c611c943541ef4309d051",
          "version": "0.3.1"
        }
      }
    ]
  },
  "version": 1
}
